
Microsoft Visual Studio Solution File, Format Version 12.00
# Visual Studio 15
VisualStudioVersion = 15.0.28010.2048
MinimumVisualStudioVersion = 10.0.40219.1
Project("{E53339B2-1760-4266-BCC7-CA923CBCF16C}") = "docker-compose", "docker-compose.dcproj", "{9693FF1D-B9C0-41FB-8B2C-10EA0950C7EE}"
EndProject
Project("{9A19103F-16F7-4668-BE54-9A1E7A4F7556}") = "CryptoAPI", "CryptoAPI\CryptoAPI.csproj", "{4124CBB0-45C1-492A-AA1F-09F0082BE591}"
EndProject
Project("{9A19103F-16F7-4668-BE54-9A1E7A4F7556}") = "GoldAPI", "GoldAPI\GoldAPI.csproj", "{A8E56DA4-73DA-45D8-94E0-3B938F7A772C}"
EndProject
Project("{888888A0-9F3D-457C-B088-3A5042F75D52}") = "ExchangeAPI", "ExchangeAPI\ExchangeAPI.pyproj", "{A085F02F-49B5-4108-8CFE-05B80FE71F0D}"
EndProject
Project("{9A19103F-16F7-4668-BE54-9A1E7A4F7556}") = "Suwak", "Suwak\Suwak.csproj", "{C90754DE-6BD7-4DB1-8B42-CDFDAB93E813}"
EndProject
Project("{9A19103F-16F7-4668-BE54-9A1E7A4F7556}") = "Diagram", "Diagram\Diagram.csproj", "{E8DF3C29-5BD9-444C-B067-35C5C5B63FBD}"
EndProject
Project("{9A19103F-16F7-4668-BE54-9A1E7A4F7556}") = "EventBusServiceBus", "EventBusServiceBus\EventBusServiceBus.csproj", "{FF29DF61-6641-4D66-8815-6FC6F09528D1}"
EndProject
Project("{9A19103F-16F7-4668-BE54-9A1E7A4F7556}") = "Archie", "Archie\Archie.csproj", "{700EF22B-4072-458B-A946-977099E095C7}"
EndProject
Project("{9A19103F-16F7-4668-BE54-9A1E7A4F7556}") = "EventBus", "EventBus\EventBus.csproj", "{5313F343-E76E-4668-A875-D8115A397291}"
EndProject
Project("{9A19103F-16F7-4668-BE54-9A1E7A4F7556}") = "EventBusRabbitMQ", "EventBusRabbitMQ\EventBusRabbitMQ.csproj", "{9DE46EB5-93A4-47B1-AE82-EB14D9375837}"
EndProject
Project("{FAE04EC0-301F-11D3-BF4B-00C04F79EFBC}") = "Slider", "Slider\Slider.csproj", "{B5C5AC67-1A65-44D7-BE39-E889BDF45017}"
EndProject
Global
	GlobalSection(SolutionConfigurationPlatforms) = preSolution
		Debug|Any CPU = Debug|Any CPU
		Release|Any CPU = Release|Any CPU
	EndGlobalSection
	GlobalSection(ProjectConfigurationPlatforms) = postSolution
		{9693FF1D-B9C0-41FB-8B2C-10EA0950C7EE}.Debug|Any CPU.ActiveCfg = Debug|Any CPU
		{9693FF1D-B9C0-41FB-8B2C-10EA0950C7EE}.Debug|Any CPU.Build.0 = Debug|Any CPU
		{9693FF1D-B9C0-41FB-8B2C-10EA0950C7EE}.Release|Any CPU.ActiveCfg = Release|Any CPU
		{9693FF1D-B9C0-41FB-8B2C-10EA0950C7EE}.Release|Any CPU.Build.0 = Release|Any CPU
		{4124CBB0-45C1-492A-AA1F-09F0082BE591}.Debug|Any CPU.ActiveCfg = Debug|Any CPU
		{4124CBB0-45C1-492A-AA1F-09F0082BE591}.Debug|Any CPU.Build.0 = Debug|Any CPU
		{4124CBB0-45C1-492A-AA1F-09F0082BE591}.Release|Any CPU.ActiveCfg = Release|Any CPU
		{4124CBB0-45C1-492A-AA1F-09F0082BE591}.Release|Any CPU.Build.0 = Release|Any CPU
		{A8E56DA4-73DA-45D8-94E0-3B938F7A772C}.Debug|Any CPU.ActiveCfg = Debug|Any CPU
		{A8E56DA4-73DA-45D8-94E0-3B938F7A772C}.Debug|Any CPU.Build.0 = Debug|Any CPU
		{A8E56DA4-73DA-45D8-94E0-3B938F7A772C}.Release|Any CPU.ActiveCfg = Release|Any CPU
		{A8E56DA4-73DA-45D8-94E0-3B938F7A772C}.Release|Any CPU.Build.0 = Release|Any CPU
		{A085F02F-49B5-4108-8CFE-05B80FE71F0D}.Debug|Any CPU.ActiveCfg = Debug|Any CPU
		{A085F02F-49B5-4108-8CFE-05B80FE71F0D}.Release|Any CPU.ActiveCfg = Release|Any CPU
		{C90754DE-6BD7-4DB1-8B42-CDFDAB93E813}.Debug|Any CPU.ActiveCfg = Debug|Any CPU
		{C90754DE-6BD7-4DB1-8B42-CDFDAB93E813}.Debug|Any CPU.Build.0 = Debug|Any CPU
		{C90754DE-6BD7-4DB1-8B42-CDFDAB93E813}.Release|Any CPU.ActiveCfg = Release|Any CPU
		{C90754DE-6BD7-4DB1-8B42-CDFDAB93E813}.Release|Any CPU.Build.0 = Release|Any CPU
		{E8DF3C29-5BD9-444C-B067-35C5C5B63FBD}.Debug|Any CPU.ActiveCfg = Debug|Any CPU
		{E8DF3C29-5BD9-444C-B067-35C5C5B63FBD}.Debug|Any CPU.Build.0 = Debug|Any CPU
		{E8DF3C29-5BD9-444C-B067-35C5C5B63FBD}.Release|Any CPU.ActiveCfg = Release|Any CPU
		{E8DF3C29-5BD9-444C-B067-35C5C5B63FBD}.Release|Any CPU.Build.0 = Release|Any CPU
		{FF29DF61-6641-4D66-8815-6FC6F09528D1}.Debug|Any CPU.ActiveCfg = Debug|Any CPU
		{FF29DF61-6641-4D66-8815-6FC6F09528D1}.Debug|Any CPU.Build.0 = Debug|Any CPU
		{FF29DF61-6641-4D66-8815-6FC6F09528D1}.Release|Any CPU.ActiveCfg = Release|Any CPU
		{FF29DF61-6641-4D66-8815-6FC6F09528D1}.Release|Any CPU.Build.0 = Release|Any CPU
		{700EF22B-4072-458B-A946-977099E095C7}.Debug|Any CPU.ActiveCfg = Debug|Any CPU
		{700EF22B-4072-458B-A946-977099E095C7}.Debug|Any CPU.Build.0 = Debug|Any CPU
		{700EF22B-4072-458B-A946-977099E095C7}.Release|Any CPU.ActiveCfg = Release|Any CPU
		{700EF22B-4072-458B-A946-977099E095C7}.Release|Any CPU.Build.0 = Release|Any CPU
		{5313F343-E76E-4668-A875-D8115A397291}.Debug|Any CPU.ActiveCfg = Debug|Any CPU
		{5313F343-E76E-4668-A875-D8115A397291}.Debug|Any CPU.Build.0 = Debug|Any CPU
		{5313F343-E76E-4668-A875-D8115A397291}.Release|Any CPU.ActiveCfg = Release|Any CPU
		{5313F343-E76E-4668-A875-D8115A397291}.Release|Any CPU.Build.0 = Release|Any CPU
		{9DE46EB5-93A4-47B1-AE82-EB14D9375837}.Debug|Any CPU.ActiveCfg = Debug|Any CPU
		{9DE46EB5-93A4-47B1-AE82-EB14D9375837}.Debug|Any CPU.Build.0 = Debug|Any CPU
		{9DE46EB5-93A4-47B1-AE82-EB14D9375837}.Release|Any CPU.ActiveCfg = Release|Any CPU
		{9DE46EB5-93A4-47B1-AE82-EB14D9375837}.Release|Any CPU.Build.0 = Release|Any CPU
		{B5C5AC67-1A65-44D7-BE39-E889BDF45017}.Debug|Any CPU.ActiveCfg = Debug|Any CPU
		{B5C5AC67-1A65-44D7-BE39-E889BDF45017}.Debug|Any CPU.Build.0 = Debug|Any CPU
		{B5C5AC67-1A65-44D7-BE39-E889BDF45017}.Release|Any CPU.ActiveCfg = Release|Any CPU
		{B5C5AC67-1A65-44D7-BE39-E889BDF45017}.Release|Any CPU.Build.0 = Release|Any CPU
	EndGlobalSection
	GlobalSection(SolutionProperties) = preSolution
		HideSolutionNode = FALSE
	EndGlobalSection
	GlobalSection(ExtensibilityGlobals) = postSolution
		SolutionGuid = {80B3D506-BE93-4BAB-8F3D-B5C87736C11A}
	EndGlobalSection
EndGlobal
