
Microsoft Visual Studio Solution File, Format Version 12.00
# Visual Studio 15
VisualStudioVersion = 15.0.28010.2046
MinimumVisualStudioVersion = 10.0.40219.1
Project("{FAE04EC0-301F-11D3-BF4B-00C04F79EFBC}") = "VoteService", "VoteService\VoteService.csproj", "{81AB9857-F98C-4E27-A4F7-A6D3F063D379}"
EndProject
Project("{E53339B2-1760-4266-BCC7-CA923CBCF16C}") = "docker-compose", "docker-compose.dcproj", "{EDE2AD58-6DBB-4648-8801-01440125E768}"
EndProject
Global
	GlobalSection(SolutionConfigurationPlatforms) = preSolution
		Debug|Any CPU = Debug|Any CPU
		Release|Any CPU = Release|Any CPU
	EndGlobalSection
	GlobalSection(ProjectConfigurationPlatforms) = postSolution
		{81AB9857-F98C-4E27-A4F7-A6D3F063D379}.Debug|Any CPU.ActiveCfg = Debug|Any CPU
		{81AB9857-F98C-4E27-A4F7-A6D3F063D379}.Debug|Any CPU.Build.0 = Debug|Any CPU
		{81AB9857-F98C-4E27-A4F7-A6D3F063D379}.Release|Any CPU.ActiveCfg = Release|Any CPU
		{81AB9857-F98C-4E27-A4F7-A6D3F063D379}.Release|Any CPU.Build.0 = Release|Any CPU
		{EDE2AD58-6DBB-4648-8801-01440125E768}.Debug|Any CPU.ActiveCfg = Debug|Any CPU
		{EDE2AD58-6DBB-4648-8801-01440125E768}.Debug|Any CPU.Build.0 = Debug|Any CPU
		{EDE2AD58-6DBB-4648-8801-01440125E768}.Release|Any CPU.ActiveCfg = Release|Any CPU
		{EDE2AD58-6DBB-4648-8801-01440125E768}.Release|Any CPU.Build.0 = Release|Any CPU
	EndGlobalSection
	GlobalSection(SolutionProperties) = preSolution
		HideSolutionNode = FALSE
	EndGlobalSection
	GlobalSection(ExtensibilityGlobals) = postSolution
		SolutionGuid = {AF46AEE2-3FBF-4A2B-A0D1-EB19D35DFBA6}
	EndGlobalSection
EndGlobal
